
Microsoft Visual Studio Solution File, Format Version 12.00
# Visual Studio Version 17
VisualStudioVersion = 17.11.35327.3
MinimumVisualStudioVersion = 10.0.40219.1
Project("{FAE04EC0-301F-11D3-BF4B-00C04F79EFBC}") = "InteractivePetSimulator", "InteractivePetSimulator.csproj", "{CD31C933-8CFE-4CF2-B2E9-B1795B569547}"
EndProject
Global
	GlobalSection(SolutionConfigurationPlatforms) = preSolution
		Debug|Any CPU = Debug|Any CPU
		Release|Any CPU = Release|Any CPU
	EndGlobalSection
	GlobalSection(ProjectConfigurationPlatforms) = postSolution
		{CD31C933-8CFE-4CF2-B2E9-B1795B569547}.Debug|Any CPU.ActiveCfg = Debug|Any CPU
		{CD31C933-8CFE-4CF2-B2E9-B1795B569547}.Debug|Any CPU.Build.0 = Debug|Any CPU
		{CD31C933-8CFE-4CF2-B2E9-B1795B569547}.Release|Any CPU.ActiveCfg = Release|Any CPU
		{CD31C933-8CFE-4CF2-B2E9-B1795B569547}.Release|Any CPU.Build.0 = Release|Any CPU
	EndGlobalSection
	GlobalSection(SolutionProperties) = preSolution
		HideSolutionNode = FALSE
	EndGlobalSection
	GlobalSection(ExtensibilityGlobals) = postSolution
		SolutionGuid = {2F36B251-F290-4AD7-964C-038C653C4598}
	EndGlobalSection
EndGlobal
